// !$*UTF8*$!
{
	archiveVersion = 1;
	classes = {
	};
	objectVersion = 56;
	objects = {

/* Begin PBXBuildFile section */
		2A11334129844AD0009490EF /* TheBigBangTheoryEpisodesTests.swift in Sources */ = {isa = PBXBuildFile; fileRef = 2A11334029844AD0009490EF /* TheBigBangTheoryEpisodesTests.swift */; };
		2A11334D29845A3F009490EF /* EpisodeDetailView.swift in Sources */ = {isa = PBXBuildFile; fileRef = 2A11334C29845A3F009490EF /* EpisodeDetailView.swift */; };
		2A11334F29846568009490EF /* EpisodeCell.swift in Sources */ = {isa = PBXBuildFile; fileRef = 2A11334E29846568009490EF /* EpisodeCell.swift */; };
		2A66842B29804752008E5E78 /* TheBigBangTheoryEpisodesApp.swift in Sources */ = {isa = PBXBuildFile; fileRef = 2A66842A29804752008E5E78 /* TheBigBangTheoryEpisodesApp.swift */; };
		2A66842D29804752008E5E78 /* ContentView.swift in Sources */ = {isa = PBXBuildFile; fileRef = 2A66842C29804752008E5E78 /* ContentView.swift */; };
		2A66842F29804752008E5E78 /* Assets.xcassets in Resources */ = {isa = PBXBuildFile; fileRef = 2A66842E29804752008E5E78 /* Assets.xcassets */; };
		2A66843229804752008E5E78 /* Preview Assets.xcassets in Resources */ = {isa = PBXBuildFile; fileRef = 2A66843129804752008E5E78 /* Preview Assets.xcassets */; };
		2A66843929804861008E5E78 /* BigBang.json in Resources */ = {isa = PBXBuildFile; fileRef = 2A66843829804861008E5E78 /* BigBang.json */; };
		2A66843B29804C09008E5E78 /* ModelDefinition.swift in Sources */ = {isa = PBXBuildFile; fileRef = 2A66843A29804C09008E5E78 /* ModelDefinition.swift */; };
		2A66843D29804E1B008E5E78 /* ModelPersistance.swift in Sources */ = {isa = PBXBuildFile; fileRef = 2A66843C29804E1B008E5E78 /* ModelPersistance.swift */; };
		2A66843F2980507D008E5E78 /* EpisodesViewModel.swift in Sources */ = {isa = PBXBuildFile; fileRef = 2A66843E2980507D008E5E78 /* EpisodesViewModel.swift */; };
		2A8F2500298841AB00D420BC /* EpisodeDetailViewModel.swift in Sources */ = {isa = PBXBuildFile; fileRef = 2A8F24FF298841AB00D420BC /* EpisodeDetailViewModel.swift */; };
/* End PBXBuildFile section */

/* Begin PBXContainerItemProxy section */
		2A11334229844AD0009490EF /* PBXContainerItemProxy */ = {
			isa = PBXContainerItemProxy;
			containerPortal = 2A66841F29804752008E5E78 /* Project object */;
			proxyType = 1;
			remoteGlobalIDString = 2A66842629804752008E5E78;
			remoteInfo = TheBigBangTheoryEpisodes;
		};
/* End PBXContainerItemProxy section */

/* Begin PBXFileReference section */
		2A11333E29844AD0009490EF /* TheBigBangTheoryEpisodesTests.xctest */ = {isa = PBXFileReference; explicitFileType = wrapper.cfbundle; includeInIndex = 0; path = TheBigBangTheoryEpisodesTests.xctest; sourceTree = BUILT_PRODUCTS_DIR; };
		2A11334029844AD0009490EF /* TheBigBangTheoryEpisodesTests.swift */ = {isa = PBXFileReference; lastKnownFileType = sourcecode.swift; path = TheBigBangTheoryEpisodesTests.swift; sourceTree = "<group>"; };
		2A11334C29845A3F009490EF /* EpisodeDetailView.swift */ = {isa = PBXFileReference; lastKnownFileType = sourcecode.swift; path = EpisodeDetailView.swift; sourceTree = "<group>"; };
		2A11334E29846568009490EF /* EpisodeCell.swift */ = {isa = PBXFileReference; lastKnownFileType = sourcecode.swift; path = EpisodeCell.swift; sourceTree = "<group>"; };
		2A4F1C6D29917EB500B5EB34 /* Info.plist */ = {isa = PBXFileReference; lastKnownFileType = text.plist.xml; path = Info.plist; sourceTree = "<group>"; };
		2A66842729804752008E5E78 /* TheBigBangTheoryEpisodes.app */ = {isa = PBXFileReference; explicitFileType = wrapper.application; includeInIndex = 0; path = TheBigBangTheoryEpisodes.app; sourceTree = BUILT_PRODUCTS_DIR; };
		2A66842A29804752008E5E78 /* TheBigBangTheoryEpisodesApp.swift */ = {isa = PBXFileReference; lastKnownFileType = sourcecode.swift; path = TheBigBangTheoryEpisodesApp.swift; sourceTree = "<group>"; };
		2A66842C29804752008E5E78 /* ContentView.swift */ = {isa = PBXFileReference; lastKnownFileType = sourcecode.swift; path = ContentView.swift; sourceTree = "<group>"; };
		2A66842E29804752008E5E78 /* Assets.xcassets */ = {isa = PBXFileReference; lastKnownFileType = folder.assetcatalog; path = Assets.xcassets; sourceTree = "<group>"; };
		2A66843129804752008E5E78 /* Preview Assets.xcassets */ = {isa = PBXFileReference; lastKnownFileType = folder.assetcatalog; path = "Preview Assets.xcassets"; sourceTree = "<group>"; };
		2A66843829804861008E5E78 /* BigBang.json */ = {isa = PBXFileReference; fileEncoding = 4; lastKnownFileType = text.json; path = BigBang.json; sourceTree = "<group>"; };
		2A66843A29804C09008E5E78 /* ModelDefinition.swift */ = {isa = PBXFileReference; lastKnownFileType = sourcecode.swift; path = ModelDefinition.swift; sourceTree = "<group>"; };
		2A66843C29804E1B008E5E78 /* ModelPersistance.swift */ = {isa = PBXFileReference; lastKnownFileType = sourcecode.swift; path = ModelPersistance.swift; sourceTree = "<group>"; };
		2A66843E2980507D008E5E78 /* EpisodesViewModel.swift */ = {isa = PBXFileReference; lastKnownFileType = sourcecode.swift; path = EpisodesViewModel.swift; sourceTree = "<group>"; };
		2A8F24FF298841AB00D420BC /* EpisodeDetailViewModel.swift */ = {isa = PBXFileReference; lastKnownFileType = sourcecode.swift; path = EpisodeDetailViewModel.swift; sourceTree = "<group>"; };
/* End PBXFileReference section */

/* Begin PBXFrameworksBuildPhase section */
		2A11333B29844AD0009490EF /* Frameworks */ = {
			isa = PBXFrameworksBuildPhase;
			buildActionMask = 2147483647;
			files = (
			);
			runOnlyForDeploymentPostprocessing = 0;
		};
		2A66842429804752008E5E78 /* Frameworks */ = {
			isa = PBXFrameworksBuildPhase;
			buildActionMask = 2147483647;
			files = (
			);
			runOnlyForDeploymentPostprocessing = 0;
		};
/* End PBXFrameworksBuildPhase section */

/* Begin PBXGroup section */
		2A11333F29844AD0009490EF /* TheBigBangTheoryEpisodesTests */ = {
			isa = PBXGroup;
			children = (
				2A11334029844AD0009490EF /* TheBigBangTheoryEpisodesTests.swift */,
			);
			path = TheBigBangTheoryEpisodesTests;
			sourceTree = "<group>";
		};
		2A113347298451A5009490EF /* Views */ = {
			isa = PBXGroup;
			children = (
				2A66842C29804752008E5E78 /* ContentView.swift */,
				2A11334C29845A3F009490EF /* EpisodeDetailView.swift */,
			);
			name = Views;
			sourceTree = "<group>";
		};
		2A113348298451DB009490EF /* Model */ = {
			isa = PBXGroup;
			children = (
				2A66843C29804E1B008E5E78 /* ModelPersistance.swift */,
				2A66843A29804C09008E5E78 /* ModelDefinition.swift */,
			);
			name = Model;
			sourceTree = "<group>";
		};
		2A1133492984529B009490EF /* Resoruces */ = {
			isa = PBXGroup;
			children = (
				2A66843829804861008E5E78 /* BigBang.json */,
			);
			name = Resoruces;
			sourceTree = "<group>";
		};
		2A11334A298452B9009490EF /* System */ = {
			isa = PBXGroup;
			children = (
				2A66842A29804752008E5E78 /* TheBigBangTheoryEpisodesApp.swift */,
				2A66842E29804752008E5E78 /* Assets.xcassets */,
				2A4F1C6D29917EB500B5EB34 /* Info.plist */,
			);
			name = System;
			sourceTree = "<group>";
		};
		2A11334B298452E8009490EF /* ViewModels */ = {
			isa = PBXGroup;
			children = (
				2A66843E2980507D008E5E78 /* EpisodesViewModel.swift */,
				2A8F24FF298841AB00D420BC /* EpisodeDetailViewModel.swift */,
			);
			name = ViewModels;
			sourceTree = "<group>";
		};
		2A113350298466B1009490EF /* ViewComponents */ = {
			isa = PBXGroup;
			children = (
				2A11334E29846568009490EF /* EpisodeCell.swift */,
			);
			name = ViewComponents;
			sourceTree = "<group>";
		};
		2A66841E29804752008E5E78 = {
			isa = PBXGroup;
			children = (
				2A66842929804752008E5E78 /* TheBigBangTheoryEpisodes */,
				2A11333F29844AD0009490EF /* TheBigBangTheoryEpisodesTests */,
				2A66842829804752008E5E78 /* Products */,
			);
			sourceTree = "<group>";
		};
		2A66842829804752008E5E78 /* Products */ = {
			isa = PBXGroup;
			children = (
				2A66842729804752008E5E78 /* TheBigBangTheoryEpisodes.app */,
				2A11333E29844AD0009490EF /* TheBigBangTheoryEpisodesTests.xctest */,
			);
			name = Products;
			sourceTree = "<group>";
		};
		2A66842929804752008E5E78 /* TheBigBangTheoryEpisodes */ = {
			isa = PBXGroup;
			children = (
				2A113347298451A5009490EF /* Views */,
				2A113350298466B1009490EF /* ViewComponents */,
				2A11334B298452E8009490EF /* ViewModels */,
				2A113348298451DB009490EF /* Model */,
				2A1133492984529B009490EF /* Resoruces */,
				2A11334A298452B9009490EF /* System */,
				2A66843029804752008E5E78 /* Preview Content */,
			);
			path = TheBigBangTheoryEpisodes;
			sourceTree = "<group>";
		};
		2A66843029804752008E5E78 /* Preview Content */ = {
			isa = PBXGroup;
			children = (
				2A66843129804752008E5E78 /* Preview Assets.xcassets */,
			);
			path = "Preview Content";
			sourceTree = "<group>";
		};
/* End PBXGroup section */

/* Begin PBXNativeTarget section */
		2A11333D29844AD0009490EF /* TheBigBangTheoryEpisodesTests */ = {
			isa = PBXNativeTarget;
			buildConfigurationList = 2A11334629844AD0009490EF /* Build configuration list for PBXNativeTarget "TheBigBangTheoryEpisodesTests" */;
			buildPhases = (
				2A11333A29844AD0009490EF /* Sources */,
				2A11333B29844AD0009490EF /* Frameworks */,
				2A11333C29844AD0009490EF /* Resources */,
			);
			buildRules = (
			);
			dependencies = (
				2A11334329844AD0009490EF /* PBXTargetDependency */,
			);
			name = TheBigBangTheoryEpisodesTests;
			productName = TheBigBangTheoryEpisodesTests;
			productReference = 2A11333E29844AD0009490EF /* TheBigBangTheoryEpisodesTests.xctest */;
			productType = "com.apple.product-type.bundle.unit-test";
		};
		2A66842629804752008E5E78 /* TheBigBangTheoryEpisodes */ = {
			isa = PBXNativeTarget;
			buildConfigurationList = 2A66843529804752008E5E78 /* Build configuration list for PBXNativeTarget "TheBigBangTheoryEpisodes" */;
			buildPhases = (
				2A66842329804752008E5E78 /* Sources */,
				2A66842429804752008E5E78 /* Frameworks */,
				2A66842529804752008E5E78 /* Resources */,
			);
			buildRules = (
			);
			dependencies = (
			);
			name = TheBigBangTheoryEpisodes;
			productName = TheBigBangTheoryEpisodes;
			productReference = 2A66842729804752008E5E78 /* TheBigBangTheoryEpisodes.app */;
			productType = "com.apple.product-type.application";
		};
/* End PBXNativeTarget section */

/* Begin PBXProject section */
		2A66841F29804752008E5E78 /* Project object */ = {
			isa = PBXProject;
			attributes = {
				BuildIndependentTargetsInParallel = 1;
				LastSwiftUpdateCheck = 1420;
				LastUpgradeCheck = 1420;
				TargetAttributes = {
					2A11333D29844AD0009490EF = {
						CreatedOnToolsVersion = 14.2;
						TestTargetID = 2A66842629804752008E5E78;
					};
					2A66842629804752008E5E78 = {
						CreatedOnToolsVersion = 14.2;
					};
				};
			};
			buildConfigurationList = 2A66842229804752008E5E78 /* Build configuration list for PBXProject "TheBigBangTheoryEpisodes" */;
			compatibilityVersion = "Xcode 14.0";
			developmentRegion = en;
			hasScannedForEncodings = 0;
			knownRegions = (
				en,
				Base,
			);
			mainGroup = 2A66841E29804752008E5E78;
			productRefGroup = 2A66842829804752008E5E78 /* Products */;
			projectDirPath = "";
			projectRoot = "";
			targets = (
				2A66842629804752008E5E78 /* TheBigBangTheoryEpisodes */,
				2A11333D29844AD0009490EF /* TheBigBangTheoryEpisodesTests */,
			);
		};
/* End PBXProject section */

/* Begin PBXResourcesBuildPhase section */
		2A11333C29844AD0009490EF /* Resources */ = {
			isa = PBXResourcesBuildPhase;
			buildActionMask = 2147483647;
			files = (
			);
			runOnlyForDeploymentPostprocessing = 0;
		};
		2A66842529804752008E5E78 /* Resources */ = {
			isa = PBXResourcesBuildPhase;
			buildActionMask = 2147483647;
			files = (
				2A66843229804752008E5E78 /* Preview Assets.xcassets in Resources */,
				2A66843929804861008E5E78 /* BigBang.json in Resources */,
				2A66842F29804752008E5E78 /* Assets.xcassets in Resources */,
			);
			runOnlyForDeploymentPostprocessing = 0;
		};
/* End PBXResourcesBuildPhase section */

/* Begin PBXSourcesBuildPhase section */
		2A11333A29844AD0009490EF /* Sources */ = {
			isa = PBXSourcesBuildPhase;
			buildActionMask = 2147483647;
			files = (
				2A11334129844AD0009490EF /* TheBigBangTheoryEpisodesTests.swift in Sources */,
			);
			runOnlyForDeploymentPostprocessing = 0;
		};
		2A66842329804752008E5E78 /* Sources */ = {
			isa = PBXSourcesBuildPhase;
			buildActionMask = 2147483647;
			files = (
				2A66842D29804752008E5E78 /* ContentView.swift in Sources */,
				2A66843F2980507D008E5E78 /* EpisodesViewModel.swift in Sources */,
				2A66843B29804C09008E5E78 /* ModelDefinition.swift in Sources */,
				2A11334D29845A3F009490EF /* EpisodeDetailView.swift in Sources */,
				2A11334F29846568009490EF /* EpisodeCell.swift in Sources */,
				2A66842B29804752008E5E78 /* TheBigBangTheoryEpisodesApp.swift in Sources */,
				2A66843D29804E1B008E5E78 /* ModelPersistance.swift in Sources */,
				2A8F2500298841AB00D420BC /* EpisodeDetailViewModel.swift in Sources */,
			);
			runOnlyForDeploymentPostprocessing = 0;
		};
/* End PBXSourcesBuildPhase section */

/* Begin PBXTargetDependency section */
		2A11334329844AD0009490EF /* PBXTargetDependency */ = {
			isa = PBXTargetDependency;
			target = 2A66842629804752008E5E78 /* TheBigBangTheoryEpisodes */;
			targetProxy = 2A11334229844AD0009490EF /* PBXContainerItemProxy */;
		};
/* End PBXTargetDependency section */

/* Begin XCBuildConfiguration section */
		2A11334429844AD0009490EF /* Debug */ = {
			isa = XCBuildConfiguration;
			buildSettings = {
				BUNDLE_LOADER = "$(TEST_HOST)";
				CODE_SIGN_STYLE = Automatic;
				CURRENT_PROJECT_VERSION = 1;
				DEVELOPMENT_TEAM = MG727TW3U4;
				GENERATE_INFOPLIST_FILE = YES;
				INFOPLIST_FILE = TheBigBangTheoryEpisodesTests/Info.plist;
				INFOPLIST_KEY_LSApplicationCategoryType = "";
				MARKETING_VERSION = 1.0;
				PRODUCT_BUNDLE_IDENTIFIER = AitorSalgado.TheBigBangTheoryEpisodesTests;
				PRODUCT_NAME = "$(TARGET_NAME)";
				SWIFT_EMIT_LOC_STRINGS = NO;
				SWIFT_VERSION = 5.0;
				TARGETED_DEVICE_FAMILY = "1,2";
				TEST_HOST = "$(BUILT_PRODUCTS_DIR)/TheBigBangTheoryEpisodes.app/$(BUNDLE_EXECUTABLE_FOLDER_PATH)/TheBigBangTheoryEpisodes";
			};
			name = Debug;
		};
		2A11334529844AD0009490EF /* Release */ = {
			isa = XCBuildConfiguration;
			buildSettings = {
				BUNDLE_LOADER = "$(TEST_HOST)";
				CODE_SIGN_STYLE = Automatic;
				CURRENT_PROJECT_VERSION = 1;
				DEVELOPMENT_TEAM = MG727TW3U4;
				GENERATE_INFOPLIST_FILE = YES;
				INFOPLIST_FILE = TheBigBangTheoryEpisodesTests/Info.plist;
				INFOPLIST_KEY_LSApplicationCategoryType = "";
				MARKETING_VERSION = 1.0;
				PRODUCT_BUNDLE_IDENTIFIER = AitorSalgado.TheBigBangTheoryEpisodesTests;
				PRODUCT_NAME = "$(TARGET_NAME)";
				SWIFT_EMIT_LOC_STRINGS = NO;
				SWIFT_VERSION = 5.0;
				TARGETED_DEVICE_FAMILY = "1,2";
				TEST_HOST = "$(BUILT_PRODUCTS_DIR)/TheBigBangTheoryEpisodes.app/$(BUNDLE_EXECUTABLE_FOLDER_PATH)/TheBigBangTheoryEpisodes";
			};
			name = Release;
		};
		2A66843329804752008E5E78 /* Debug */ = {
			isa = XCBuildConfiguration;
			buildSettings = {
				ALWAYS_SEARCH_USER_PATHS = NO;
				CLANG_ANALYZER_NONNULL = YES;
				CLANG_ANALYZER_NUMBER_OBJECT_CONVERSION = YES_AGGRESSIVE;
				CLANG_CXX_LANGUAGE_STANDARD = "gnu++20";
				CLANG_ENABLE_MODULES = YES;
				CLANG_ENABLE_OBJC_ARC = YES;
				CLANG_ENABLE_OBJC_WEAK = YES;
				CLANG_WARN_BLOCK_CAPTURE_AUTORELEASING = YES;
				CLANG_WARN_BOOL_CONVERSION = YES;
				CLANG_WARN_COMMA = YES;
				CLANG_WARN_CONSTANT_CONVERSION = YES;
				CLANG_WARN_DEPRECATED_OBJC_IMPLEMENTATIONS = YES;
				CLANG_WARN_DIRECT_OBJC_ISA_USAGE = YES_ERROR;
				CLANG_WARN_DOCUMENTATION_COMMENTS = YES;
				CLANG_WARN_EMPTY_BODY = YES;
				CLANG_WARN_ENUM_CONVERSION = YES;
				CLANG_WARN_INFINITE_RECURSION = YES;
				CLANG_WARN_INT_CONVERSION = YES;
				CLANG_WARN_NON_LITERAL_NULL_CONVERSION = YES;
				CLANG_WARN_OBJC_IMPLICIT_RETAIN_SELF = YES;
				CLANG_WARN_OBJC_LITERAL_CONVERSION = YES;
				CLANG_WARN_OBJC_ROOT_CLASS = YES_ERROR;
				CLANG_WARN_QUOTED_INCLUDE_IN_FRAMEWORK_HEADER = YES;
				CLANG_WARN_RANGE_LOOP_ANALYSIS = YES;
				CLANG_WARN_STRICT_PROTOTYPES = YES;
				CLANG_WARN_SUSPICIOUS_MOVE = YES;
				CLANG_WARN_UNGUARDED_AVAILABILITY = YES_AGGRESSIVE;
				CLANG_WARN_UNREACHABLE_CODE = YES;
				CLANG_WARN__DUPLICATE_METHOD_MATCH = YES;
				COPY_PHASE_STRIP = NO;
				DEBUG_INFORMATION_FORMAT = dwarf;
				ENABLE_STRICT_OBJC_MSGSEND = YES;
				ENABLE_TESTABILITY = YES;
				GCC_C_LANGUAGE_STANDARD = gnu11;
				GCC_DYNAMIC_NO_PIC = NO;
				GCC_NO_COMMON_BLOCKS = YES;
				GCC_OPTIMIZATION_LEVEL = 0;
				GCC_PREPROCESSOR_DEFINITIONS = (
					"DEBUG=1",
					"$(inherited)",
				);
				GCC_WARN_64_TO_32_BIT_CONVERSION = YES;
				GCC_WARN_ABOUT_RETURN_TYPE = YES_ERROR;
				GCC_WARN_UNDECLARED_SELECTOR = YES;
				GCC_WARN_UNINITIALIZED_AUTOS = YES_AGGRESSIVE;
				GCC_WARN_UNUSED_FUNCTION = YES;
				GCC_WARN_UNUSED_VARIABLE = YES;
				IPHONEOS_DEPLOYMENT_TARGET = 16.2;
				MTL_ENABLE_DEBUG_INFO = INCLUDE_SOURCE;
				MTL_FAST_MATH = YES;
				ONLY_ACTIVE_ARCH = YES;
				SDKROOT = iphoneos;
				SWIFT_ACTIVE_COMPILATION_CONDITIONS = DEBUG;
				SWIFT_OPTIMIZATION_LEVEL = "-Onone";
			};
			name = Debug;
		};
		2A66843429804752008E5E78 /* Release */ = {
			isa = XCBuildConfiguration;
			buildSettings = {
				ALWAYS_SEARCH_USER_PATHS = NO;
				CLANG_ANALYZER_NONNULL = YES;
				CLANG_ANALYZER_NUMBER_OBJECT_CONVERSION = YES_AGGRESSIVE;
				CLANG_CXX_LANGUAGE_STANDARD = "gnu++20";
				CLANG_ENABLE_MODULES = YES;
				CLANG_ENABLE_OBJC_ARC = YES;
				CLANG_ENABLE_OBJC_WEAK = YES;
				CLANG_WARN_BLOCK_CAPTURE_AUTORELEASING = YES;
				CLANG_WARN_BOOL_CONVERSION = YES;
				CLANG_WARN_COMMA = YES;
				CLANG_WARN_CONSTANT_CONVERSION = YES;
				CLANG_WARN_DEPRECATED_OBJC_IMPLEMENTATIONS = YES;
				CLANG_WARN_DIRECT_OBJC_ISA_USAGE = YES_ERROR;
				CLANG_WARN_DOCUMENTATION_COMMENTS = YES;
				CLANG_WARN_EMPTY_BODY = YES;
				CLANG_WARN_ENUM_CONVERSION = YES;
				CLANG_WARN_INFINITE_RECURSION = YES;
				CLANG_WARN_INT_CONVERSION = YES;
				CLANG_WARN_NON_LITERAL_NULL_CONVERSION = YES;
				CLANG_WARN_OBJC_IMPLICIT_RETAIN_SELF = YES;
				CLANG_WARN_OBJC_LITERAL_CONVERSION = YES;
				CLANG_WARN_OBJC_ROOT_CLASS = YES_ERROR;
				CLANG_WARN_QUOTED_INCLUDE_IN_FRAMEWORK_HEADER = YES;
				CLANG_WARN_RANGE_LOOP_ANALYSIS = YES;
				CLANG_WARN_STRICT_PROTOTYPES = YES;
				CLANG_WARN_SUSPICIOUS_MOVE = YES;
				CLANG_WARN_UNGUARDED_AVAILABILITY = YES_AGGRESSIVE;
				CLANG_WARN_UNREACHABLE_CODE = YES;
				CLANG_WARN__DUPLICATE_METHOD_MATCH = YES;
				COPY_PHASE_STRIP = NO;
				DEBUG_INFORMATION_FORMAT = "dwarf-with-dsym";
				ENABLE_NS_ASSERTIONS = NO;
				ENABLE_STRICT_OBJC_MSGSEND = YES;
				GCC_C_LANGUAGE_STANDARD = gnu11;
				GCC_NO_COMMON_BLOCKS = YES;
				GCC_WARN_64_TO_32_BIT_CONVERSION = YES;
				GCC_WARN_ABOUT_RETURN_TYPE = YES_ERROR;
				GCC_WARN_UNDECLARED_SELECTOR = YES;
				GCC_WARN_UNINITIALIZED_AUTOS = YES_AGGRESSIVE;
				GCC_WARN_UNUSED_FUNCTION = YES;
				GCC_WARN_UNUSED_VARIABLE = YES;
				IPHONEOS_DEPLOYMENT_TARGET = 16.2;
				MTL_ENABLE_DEBUG_INFO = NO;
				MTL_FAST_MATH = YES;
				SDKROOT = iphoneos;
				SWIFT_COMPILATION_MODE = wholemodule;
				SWIFT_OPTIMIZATION_LEVEL = "-O";
				VALIDATE_PRODUCT = YES;
			};
			name = Release;
		};
		2A66843629804752008E5E78 /* Debug */ = {
			isa = XCBuildConfiguration;
			buildSettings = {
				ASSETCATALOG_COMPILER_APPICON_NAME = AppIcon;
				ASSETCATALOG_COMPILER_GLOBAL_ACCENT_COLOR_NAME = AccentColor;
				CODE_SIGN_STYLE = Automatic;
				CURRENT_PROJECT_VERSION = 1;
				DEVELOPMENT_ASSET_PATHS = "\"TheBigBangTheoryEpisodes/Preview Content\"";
				DEVELOPMENT_TEAM = MG727TW3U4;
				ENABLE_PREVIEWS = YES;
				GENERATE_INFOPLIST_FILE = YES;
				INFOPLIST_KEY_UIApplicationSceneManifest_Generation = YES;
				INFOPLIST_KEY_UIApplicationSupportsIndirectInputEvents = YES;
				INFOPLIST_KEY_UILaunchScreen_Generation = YES;
				INFOPLIST_KEY_UISupportedInterfaceOrientations_iPad = "UIInterfaceOrientationPortrait UIInterfaceOrientationPortraitUpsideDown UIInterfaceOrientationLandscapeLeft UIInterfaceOrientationLandscapeRight";
				INFOPLIST_KEY_UISupportedInterfaceOrientations_iPhone = "UIInterfaceOrientationPortrait UIInterfaceOrientationLandscapeLeft UIInterfaceOrientationLandscapeRight";
				LD_RUNPATH_SEARCH_PATHS = (
					"$(inherited)",
					"@executable_path/Frameworks",
				);
				MARKETING_VERSION = 1.0;
				PRODUCT_BUNDLE_IDENTIFIER = AitorSalgado.TheBigBangTheoryEpisodes;
				PRODUCT_NAME = "$(TARGET_NAME)";
				SWIFT_EMIT_LOC_STRINGS = YES;
				SWIFT_VERSION = 5.0;
				TARGETED_DEVICE_FAMILY = "1,2";
			};
			name = Debug;
		};
		2A66843729804752008E5E78 /* Release */ = {
			isa = XCBuildConfiguration;
			buildSettings = {
				ASSETCATALOG_COMPILER_APPICON_NAME = AppIcon;
				ASSETCATALOG_COMPILER_GLOBAL_ACCENT_COLOR_NAME = AccentColor;
				CODE_SIGN_STYLE = Automatic;
				CURRENT_PROJECT_VERSION = 1;
				DEVELOPMENT_ASSET_PATHS = "\"TheBigBangTheoryEpisodes/Preview Content\"";
				DEVELOPMENT_TEAM = MG727TW3U4;
				ENABLE_PREVIEWS = YES;
				GENERATE_INFOPLIST_FILE = YES;
				INFOPLIST_KEY_UIApplicationSceneManifest_Generation = YES;
				INFOPLIST_KEY_UIApplicationSupportsIndirectInputEvents = YES;
				INFOPLIST_KEY_UILaunchScreen_Generation = YES;
				INFOPLIST_KEY_UISupportedInterfaceOrientations_iPad = "UIInterfaceOrientationPortrait UIInterfaceOrientationPortraitUpsideDown UIInterfaceOrientationLandscapeLeft UIInterfaceOrientationLandscapeRight";
				INFOPLIST_KEY_UISupportedInterfaceOrientations_iPhone = "UIInterfaceOrientationPortrait UIInterfaceOrientationLandscapeLeft UIInterfaceOrientationLandscapeRight";
				LD_RUNPATH_SEARCH_PATHS = (
					"$(inherited)",
					"@executable_path/Frameworks",
				);
				MARKETING_VERSION = 1.0;
				PRODUCT_BUNDLE_IDENTIFIER = AitorSalgado.TheBigBangTheoryEpisodes;
				PRODUCT_NAME = "$(TARGET_NAME)";
				SWIFT_EMIT_LOC_STRINGS = YES;
				SWIFT_VERSION = 5.0;
				TARGETED_DEVICE_FAMILY = "1,2";
			};
			name = Release;
		};
/* End XCBuildConfiguration section */

/* Begin XCConfigurationList section */
		2A11334629844AD0009490EF /* Build configuration list for PBXNativeTarget "TheBigBangTheoryEpisodesTests" */ = {
			isa = XCConfigurationList;
			buildConfigurations = (
				2A11334429844AD0009490EF /* Debug */,
				2A11334529844AD0009490EF /* Release */,
			);
			defaultConfigurationIsVisible = 0;
			defaultConfigurationName = Release;
		};
		2A66842229804752008E5E78 /* Build configuration list for PBXProject "TheBigBangTheoryEpisodes" */ = {
			isa = XCConfigurationList;
			buildConfigurations = (
				2A66843329804752008E5E78 /* Debug */,
				2A66843429804752008E5E78 /* Release */,
			);
			defaultConfigurationIsVisible = 0;
			defaultConfigurationName = Release;
		};
		2A66843529804752008E5E78 /* Build configuration list for PBXNativeTarget "TheBigBangTheoryEpisodes" */ = {
			isa = XCConfigurationList;
			buildConfigurations = (
				2A66843629804752008E5E78 /* Debug */,
				2A66843729804752008E5E78 /* Release */,
			);
			defaultConfigurationIsVisible = 0;
			defaultConfigurationName = Release;
		};
/* End XCConfigurationList section */
	};
	rootObject = 2A66841F29804752008E5E78 /* Project object */;
}
